
Microsoft Visual Studio Solution File, Format Version 12.00
# Visual Studio Version 17
VisualStudioVersion = 17.5.33414.496
MinimumVisualStudioVersion = 10.0.40219.1
Project("{FAE04EC0-301F-11D3-BF4B-00C04F79EFBC}") = "Exception_Handling_Exercise", "Exception_Handling_Exercise\Exception_Handling_Exercise.csproj", "{8E52B5FD-203E-4B88-A51F-9CFEF288C1BB}"
EndProject
Global
	GlobalSection(SolutionConfigurationPlatforms) = preSolution
		Debug|Any CPU = Debug|Any CPU
		Release|Any CPU = Release|Any CPU
	EndGlobalSection
	GlobalSection(ProjectConfigurationPlatforms) = postSolution
		{8E52B5FD-203E-4B88-A51F-9CFEF288C1BB}.Debug|Any CPU.ActiveCfg = Debug|Any CPU
		{8E52B5FD-203E-4B88-A51F-9CFEF288C1BB}.Debug|Any CPU.Build.0 = Debug|Any CPU
		{8E52B5FD-203E-4B88-A51F-9CFEF288C1BB}.Release|Any CPU.ActiveCfg = Release|Any CPU
		{8E52B5FD-203E-4B88-A51F-9CFEF288C1BB}.Release|Any CPU.Build.0 = Release|Any CPU
	EndGlobalSection
	GlobalSection(SolutionProperties) = preSolution
		HideSolutionNode = FALSE
	EndGlobalSection
	GlobalSection(ExtensibilityGlobals) = postSolution
		SolutionGuid = {B409F6CE-55CB-4394-8515-0C97857BD376}
	EndGlobalSection
EndGlobal
