
Microsoft Visual Studio Solution File, Format Version 12.00
# Visual Studio Version 17
VisualStudioVersion = 17.5.33414.496
MinimumVisualStudioVersion = 10.0.40219.1
Project("{FAE04EC0-301F-11D3-BF4B-00C04F79EFBC}") = "Static-Keyword_Exercise", "Static-Keyword_Exercise\Static-Keyword_Exercise.csproj", "{E3DC9767-05C0-47A7-B5AA-52030F9E9ABC}"
EndProject
Global
	GlobalSection(SolutionConfigurationPlatforms) = preSolution
		Debug|Any CPU = Debug|Any CPU
		Release|Any CPU = Release|Any CPU
	EndGlobalSection
	GlobalSection(ProjectConfigurationPlatforms) = postSolution
		{E3DC9767-05C0-47A7-B5AA-52030F9E9ABC}.Debug|Any CPU.ActiveCfg = Debug|Any CPU
		{E3DC9767-05C0-47A7-B5AA-52030F9E9ABC}.Debug|Any CPU.Build.0 = Debug|Any CPU
		{E3DC9767-05C0-47A7-B5AA-52030F9E9ABC}.Release|Any CPU.ActiveCfg = Release|Any CPU
		{E3DC9767-05C0-47A7-B5AA-52030F9E9ABC}.Release|Any CPU.Build.0 = Release|Any CPU
	EndGlobalSection
	GlobalSection(SolutionProperties) = preSolution
		HideSolutionNode = FALSE
	EndGlobalSection
	GlobalSection(ExtensibilityGlobals) = postSolution
		SolutionGuid = {CCEEEC1F-5620-4F57-85DF-8E3C5A1157A2}
	EndGlobalSection
EndGlobal
